
Microsoft Visual Studio Solution File, Format Version 12.00
# Visual Studio Version 16
VisualStudioVersion = 16.0.30804.86
MinimumVisualStudioVersion = 10.0.40219.1
Project("{8BC9CEB8-8B4A-11D0-8D11-00A0C91BC942}") = "BarnackWindows", "BarnackWindows\BarnackWindows.vcxproj", "{68FC5CB8-987F-4F21-B73F-9B838C87A050}"
EndProject
Global
	GlobalSection(SolutionConfigurationPlatforms) = preSolution
		Debug|x64 = Debug|x64
		Release|x64 = Release|x64
	EndGlobalSection
	GlobalSection(ProjectConfigurationPlatforms) = postSolution
		{68FC5CB8-987F-4F21-B73F-9B838C87A050}.Debug|x64.ActiveCfg = Debug|x64
		{68FC5CB8-987F-4F21-B73F-9B838C87A050}.Debug|x64.Build.0 = Debug|x64
		{68FC5CB8-987F-4F21-B73F-9B838C87A050}.Release|x64.ActiveCfg = Release|x64
		{68FC5CB8-987F-4F21-B73F-9B838C87A050}.Release|x64.Build.0 = Release|x64
	EndGlobalSection
	GlobalSection(SolutionProperties) = preSolution
		HideSolutionNode = FALSE
	EndGlobalSection
	GlobalSection(ExtensibilityGlobals) = postSolution
		SolutionGuid = {32F23F6A-0DD0-43D6-9B74-F4994A17835F}
	EndGlobalSection
EndGlobal
